// !$*UTF8*$!
{
	archiveVersion = 1;
	classes = {
	};
	objectVersion = 46;
	objects = {

/* Begin PBXBuildFile section */
		7EA7FACF18D5153F005FE424 /* Main.storyboard in Resources */ = {isa = PBXBuildFile; fileRef = 7EA7FACE18D5153E005FE424 /* Main.storyboard */; };
		7EA7FAD318D680AE005FE424 /* XYZAddToDoItemViewController.m in Sources */ = {isa = PBXBuildFile; fileRef = 7EA7FAD118D680AE005FE424 /* XYZAddToDoItemViewController.m */; };
		7EA7FAD418D680AE005FE424 /* XYZAddToDoItemViewController.xib in Resources */ = {isa = PBXBuildFile; fileRef = 7EA7FAD218D680AE005FE424 /* XYZAddToDoItemViewController.xib */; };
		7EA7FADD18D68222005FE424 /* XYZToDoListTableViewController.m in Sources */ = {isa = PBXBuildFile; fileRef = 7EA7FADB18D68222005FE424 /* XYZToDoListTableViewController.m */; };
		7EA7FADE18D68222005FE424 /* XYZToDoListTableViewController.xib in Resources */ = {isa = PBXBuildFile; fileRef = 7EA7FADC18D68222005FE424 /* XYZToDoListTableViewController.xib */; };
		7EF6E42618D4F39800AF11D4 /* Foundation.framework in Frameworks */ = {isa = PBXBuildFile; fileRef = 7EF6E42518D4F39800AF11D4 /* Foundation.framework */; };
		7EF6E42818D4F39800AF11D4 /* CoreGraphics.framework in Frameworks */ = {isa = PBXBuildFile; fileRef = 7EF6E42718D4F39800AF11D4 /* CoreGraphics.framework */; };
		7EF6E42A18D4F39800AF11D4 /* UIKit.framework in Frameworks */ = {isa = PBXBuildFile; fileRef = 7EF6E42918D4F39800AF11D4 /* UIKit.framework */; };
		7EF6E43018D4F39800AF11D4 /* InfoPlist.strings in Resources */ = {isa = PBXBuildFile; fileRef = 7EF6E42E18D4F39800AF11D4 /* InfoPlist.strings */; };
		7EF6E43218D4F39800AF11D4 /* main.m in Sources */ = {isa = PBXBuildFile; fileRef = 7EF6E43118D4F39800AF11D4 /* main.m */; };
		7EF6E43618D4F39800AF11D4 /* XYZAppDelegate.m in Sources */ = {isa = PBXBuildFile; fileRef = 7EF6E43518D4F39800AF11D4 /* XYZAppDelegate.m */; };
		7EF6E43818D4F39800AF11D4 /* Images.xcassets in Resources */ = {isa = PBXBuildFile; fileRef = 7EF6E43718D4F39800AF11D4 /* Images.xcassets */; };
		7EF6E43F18D4F39800AF11D4 /* XCTest.framework in Frameworks */ = {isa = PBXBuildFile; fileRef = 7EF6E43E18D4F39800AF11D4 /* XCTest.framework */; };
		7EF6E44018D4F39800AF11D4 /* Foundation.framework in Frameworks */ = {isa = PBXBuildFile; fileRef = 7EF6E42518D4F39800AF11D4 /* Foundation.framework */; };
		7EF6E44118D4F39800AF11D4 /* UIKit.framework in Frameworks */ = {isa = PBXBuildFile; fileRef = 7EF6E42918D4F39800AF11D4 /* UIKit.framework */; };
		7EF6E44918D4F39800AF11D4 /* InfoPlist.strings in Resources */ = {isa = PBXBuildFile; fileRef = 7EF6E44718D4F39800AF11D4 /* InfoPlist.strings */; };
		7EF6E44B18D4F39800AF11D4 /* ToDoListTests.m in Sources */ = {isa = PBXBuildFile; fileRef = 7EF6E44A18D4F39800AF11D4 /* ToDoListTests.m */; };
/* End PBXBuildFile section */

/* Begin PBXContainerItemProxy section */
		7EF6E44218D4F39800AF11D4 /* PBXContainerItemProxy */ = {
			isa = PBXContainerItemProxy;
			containerPortal = 7EF6E41A18D4F39600AF11D4 /* Project object */;
			proxyType = 1;
			remoteGlobalIDString = 7EF6E42118D4F39700AF11D4;
			remoteInfo = ToDoList;
		};
/* End PBXContainerItemProxy section */

/* Begin PBXFileReference section */
		7EA7FACE18D5153E005FE424 /* Main.storyboard */ = {isa = PBXFileReference; fileEncoding = 4; lastKnownFileType = file.storyboard; path = Main.storyboard; sourceTree = "<group>"; };
		7EA7FAD018D680AE005FE424 /* XYZAddToDoItemViewController.h */ = {isa = PBXFileReference; fileEncoding = 4; lastKnownFileType = sourcecode.c.h; path = XYZAddToDoItemViewController.h; sourceTree = "<group>"; };
		7EA7FAD118D680AE005FE424 /* XYZAddToDoItemViewController.m */ = {isa = PBXFileReference; fileEncoding = 4; lastKnownFileType = sourcecode.c.objc; path = XYZAddToDoItemViewController.m; sourceTree = "<group>"; };
		7EA7FAD218D680AE005FE424 /* XYZAddToDoItemViewController.xib */ = {isa = PBXFileReference; fileEncoding = 4; lastKnownFileType = file.xib; path = XYZAddToDoItemViewController.xib; sourceTree = "<group>"; };
		7EA7FADA18D68222005FE424 /* XYZToDoListTableViewController.h */ = {isa = PBXFileReference; fileEncoding = 4; lastKnownFileType = sourcecode.c.h; path = XYZToDoListTableViewController.h; sourceTree = "<group>"; };
		7EA7FADB18D68222005FE424 /* XYZToDoListTableViewController.m */ = {isa = PBXFileReference; fileEncoding = 4; lastKnownFileType = sourcecode.c.objc; path = XYZToDoListTableViewController.m; sourceTree = "<group>"; };
		7EA7FADC18D68222005FE424 /* XYZToDoListTableViewController.xib */ = {isa = PBXFileReference; fileEncoding = 4; lastKnownFileType = file.xib; path = XYZToDoListTableViewController.xib; sourceTree = "<group>"; };
		7EF6E42218D4F39800AF11D4 /* ToDoList.app */ = {isa = PBXFileReference; explicitFileType = wrapper.application; includeInIndex = 0; path = ToDoList.app; sourceTree = BUILT_PRODUCTS_DIR; };
		7EF6E42518D4F39800AF11D4 /* Foundation.framework */ = {isa = PBXFileReference; lastKnownFileType = wrapper.framework; name = Foundation.framework; path = System/Library/Frameworks/Foundation.framework; sourceTree = SDKROOT; };
		7EF6E42718D4F39800AF11D4 /* CoreGraphics.framework */ = {isa = PBXFileReference; lastKnownFileType = wrapper.framework; name = CoreGraphics.framework; path = System/Library/Frameworks/CoreGraphics.framework; sourceTree = SDKROOT; };
		7EF6E42918D4F39800AF11D4 /* UIKit.framework */ = {isa = PBXFileReference; lastKnownFileType = wrapper.framework; name = UIKit.framework; path = System/Library/Frameworks/UIKit.framework; sourceTree = SDKROOT; };
		7EF6E42D18D4F39800AF11D4 /* ToDoList-Info.plist */ = {isa = PBXFileReference; lastKnownFileType = text.plist.xml; path = "ToDoList-Info.plist"; sourceTree = "<group>"; };
		7EF6E42F18D4F39800AF11D4 /* en */ = {isa = PBXFileReference; lastKnownFileType = text.plist.strings; name = en; path = en.lproj/InfoPlist.strings; sourceTree = "<group>"; };
		7EF6E43118D4F39800AF11D4 /* main.m */ = {isa = PBXFileReference; lastKnownFileType = sourcecode.c.objc; path = main.m; sourceTree = "<group>"; };
		7EF6E43318D4F39800AF11D4 /* ToDoList-Prefix.pch */ = {isa = PBXFileReference; lastKnownFileType = sourcecode.c.h; path = "ToDoList-Prefix.pch"; sourceTree = "<group>"; };
		7EF6E43418D4F39800AF11D4 /* XYZAppDelegate.h */ = {isa = PBXFileReference; lastKnownFileType = sourcecode.c.h; path = XYZAppDelegate.h; sourceTree = "<group>"; };
		7EF6E43518D4F39800AF11D4 /* XYZAppDelegate.m */ = {isa = PBXFileReference; lastKnownFileType = sourcecode.c.objc; path = XYZAppDelegate.m; sourceTree = "<group>"; };
		7EF6E43718D4F39800AF11D4 /* Images.xcassets */ = {isa = PBXFileReference; lastKnownFileType = folder.assetcatalog; path = Images.xcassets; sourceTree = "<group>"; };
		7EF6E43D18D4F39800AF11D4 /* ToDoListTests.xctest */ = {isa = PBXFileReference; explicitFileType = wrapper.cfbundle; includeInIndex = 0; path = ToDoListTests.xctest; sourceTree = BUILT_PRODUCTS_DIR; };
		7EF6E43E18D4F39800AF11D4 /* XCTest.framework */ = {isa = PBXFileReference; lastKnownFileType = wrapper.framework; name = XCTest.framework; path = Library/Frameworks/XCTest.framework; sourceTree = DEVELOPER_DIR; };
		7EF6E44618D4F39800AF11D4 /* ToDoListTests-Info.plist */ = {isa = PBXFileReference; lastKnownFileType = text.plist.xml; path = "ToDoListTests-Info.plist"; sourceTree = "<group>"; };
		7EF6E44818D4F39800AF11D4 /* en */ = {isa = PBXFileReference; lastKnownFileType = text.plist.strings; name = en; path = en.lproj/InfoPlist.strings; sourceTree = "<group>"; };
		7EF6E44A18D4F39800AF11D4 /* ToDoListTests.m */ = {isa = PBXFileReference; lastKnownFileType = sourcecode.c.objc; path = ToDoListTests.m; sourceTree = "<group>"; };
/* End PBXFileReference section */

/* Begin PBXFrameworksBuildPhase section */
		7EF6E41F18D4F39700AF11D4 /* Frameworks */ = {
			isa = PBXFrameworksBuildPhase;
			buildActionMask = 2147483647;
			files = (
				7EF6E42818D4F39800AF11D4 /* CoreGraphics.framework in Frameworks */,
				7EF6E42A18D4F39800AF11D4 /* UIKit.framework in Frameworks */,
				7EF6E42618D4F39800AF11D4 /* Foundation.framework in Frameworks */,
			);
			runOnlyForDeploymentPostprocessing = 0;
		};
		7EF6E43A18D4F39800AF11D4 /* Frameworks */ = {
			isa = PBXFrameworksBuildPhase;
			buildActionMask = 2147483647;
			files = (
				7EF6E43F18D4F39800AF11D4 /* XCTest.framework in Frameworks */,
				7EF6E44118D4F39800AF11D4 /* UIKit.framework in Frameworks */,
				7EF6E44018D4F39800AF11D4 /* Foundation.framework in Frameworks */,
			);
			runOnlyForDeploymentPostprocessing = 0;
		};
/* End PBXFrameworksBuildPhase section */

/* Begin PBXGroup section */
		7EF6E41918D4F39500AF11D4 = {
			isa = PBXGroup;
			children = (
				7EF6E42B18D4F39800AF11D4 /* ToDoList */,
				7EF6E44418D4F39800AF11D4 /* ToDoListTests */,
				7EF6E42418D4F39800AF11D4 /* Frameworks */,
				7EF6E42318D4F39800AF11D4 /* Products */,
			);
			sourceTree = "<group>";
		};
		7EF6E42318D4F39800AF11D4 /* Products */ = {
			isa = PBXGroup;
			children = (
				7EF6E42218D4F39800AF11D4 /* ToDoList.app */,
				7EF6E43D18D4F39800AF11D4 /* ToDoListTests.xctest */,
			);
			name = Products;
			sourceTree = "<group>";
		};
		7EF6E42418D4F39800AF11D4 /* Frameworks */ = {
			isa = PBXGroup;
			children = (
				7EF6E42518D4F39800AF11D4 /* Foundation.framework */,
				7EF6E42718D4F39800AF11D4 /* CoreGraphics.framework */,
				7EF6E42918D4F39800AF11D4 /* UIKit.framework */,
				7EF6E43E18D4F39800AF11D4 /* XCTest.framework */,
			);
			name = Frameworks;
			sourceTree = "<group>";
		};
		7EF6E42B18D4F39800AF11D4 /* ToDoList */ = {
			isa = PBXGroup;
			children = (
				7EF6E43418D4F39800AF11D4 /* XYZAppDelegate.h */,
				7EF6E43518D4F39800AF11D4 /* XYZAppDelegate.m */,
				7EA7FACE18D5153E005FE424 /* Main.storyboard */,
				7EA7FADA18D68222005FE424 /* XYZToDoListTableViewController.h */,
				7EA7FADB18D68222005FE424 /* XYZToDoListTableViewController.m */,
				7EA7FADC18D68222005FE424 /* XYZToDoListTableViewController.xib */,
				7EA7FAD018D680AE005FE424 /* XYZAddToDoItemViewController.h */,
				7EA7FAD118D680AE005FE424 /* XYZAddToDoItemViewController.m */,
				7EA7FAD218D680AE005FE424 /* XYZAddToDoItemViewController.xib */,
				7EF6E43718D4F39800AF11D4 /* Images.xcassets */,
				7EF6E42C18D4F39800AF11D4 /* Supporting Files */,
			);
			path = ToDoList;
			sourceTree = "<group>";
		};
		7EF6E42C18D4F39800AF11D4 /* Supporting Files */ = {
			isa = PBXGroup;
			children = (
				7EF6E42D18D4F39800AF11D4 /* ToDoList-Info.plist */,
				7EF6E42E18D4F39800AF11D4 /* InfoPlist.strings */,
				7EF6E43118D4F39800AF11D4 /* main.m */,
				7EF6E43318D4F39800AF11D4 /* ToDoList-Prefix.pch */,
			);
			name = "Supporting Files";
			sourceTree = "<group>";
		};
		7EF6E44418D4F39800AF11D4 /* ToDoListTests */ = {
			isa = PBXGroup;
			children = (
				7EF6E44A18D4F39800AF11D4 /* ToDoListTests.m */,
				7EF6E44518D4F39800AF11D4 /* Supporting Files */,
			);
			path = ToDoListTests;
			sourceTree = "<group>";
		};
		7EF6E44518D4F39800AF11D4 /* Supporting Files */ = {
			isa = PBXGroup;
			children = (
				7EF6E44618D4F39800AF11D4 /* ToDoListTests-Info.plist */,
				7EF6E44718D4F39800AF11D4 /* InfoPlist.strings */,
			);
			name = "Supporting Files";
			sourceTree = "<group>";
		};
/* End PBXGroup section */

/* Begin PBXNativeTarget section */
		7EF6E42118D4F39700AF11D4 /* ToDoList */ = {
			isa = PBXNativeTarget;
			buildConfigurationList = 7EF6E44E18D4F39900AF11D4 /* Build configuration list for PBXNativeTarget "ToDoList" */;
			buildPhases = (
				7EF6E41E18D4F39700AF11D4 /* Sources */,
				7EF6E41F18D4F39700AF11D4 /* Frameworks */,
				7EF6E42018D4F39700AF11D4 /* Resources */,
			);
			buildRules = (
			);
			dependencies = (
			);
			name = ToDoList;
			productName = ToDoList;
			productReference = 7EF6E42218D4F39800AF11D4 /* ToDoList.app */;
			productType = "com.apple.product-type.application";
		};
		7EF6E43C18D4F39800AF11D4 /* ToDoListTests */ = {
			isa = PBXNativeTarget;
			buildConfigurationList = 7EF6E45118D4F39900AF11D4 /* Build configuration list for PBXNativeTarget "ToDoListTests" */;
			buildPhases = (
				7EF6E43918D4F39800AF11D4 /* Sources */,
				7EF6E43A18D4F39800AF11D4 /* Frameworks */,
				7EF6E43B18D4F39800AF11D4 /* Resources */,
			);
			buildRules = (
			);
			dependencies = (
				7EF6E44318D4F39800AF11D4 /* PBXTargetDependency */,
			);
			name = ToDoListTests;
			productName = ToDoListTests;
			productReference = 7EF6E43D18D4F39800AF11D4 /* ToDoListTests.xctest */;
			productType = "com.apple.product-type.bundle.unit-test";
		};
/* End PBXNativeTarget section */

/* Begin PBXProject section */
		7EF6E41A18D4F39600AF11D4 /* Project object */ = {
			isa = PBXProject;
			attributes = {
				CLASSPREFIX = XYZ;
				LastUpgradeCheck = 0510;
				TargetAttributes = {
					7EF6E43C18D4F39800AF11D4 = {
						TestTargetID = 7EF6E42118D4F39700AF11D4;
					};
				};
			};
			buildConfigurationList = 7EF6E41D18D4F39600AF11D4 /* Build configuration list for PBXProject "ToDoList" */;
			compatibilityVersion = "Xcode 3.2";
			developmentRegion = English;
			hasScannedForEncodings = 0;
			knownRegions = (
				en,
			);
			mainGroup = 7EF6E41918D4F39500AF11D4;
			productRefGroup = 7EF6E42318D4F39800AF11D4 /* Products */;
			projectDirPath = "";
			projectRoot = "";
			targets = (
				7EF6E42118D4F39700AF11D4 /* ToDoList */,
				7EF6E43C18D4F39800AF11D4 /* ToDoListTests */,
			);
		};
/* End PBXProject section */

/* Begin PBXResourcesBuildPhase section */
		7EF6E42018D4F39700AF11D4 /* Resources */ = {
			isa = PBXResourcesBuildPhase;
			buildActionMask = 2147483647;
			files = (
				7EA7FACF18D5153F005FE424 /* Main.storyboard in Resources */,
				7EA7FADE18D68222005FE424 /* XYZToDoListTableViewController.xib in Resources */,
				7EF6E43018D4F39800AF11D4 /* InfoPlist.strings in Resources */,
				7EA7FAD418D680AE005FE424 /* XYZAddToDoItemViewController.xib in Resources */,
				7EF6E43818D4F39800AF11D4 /* Images.xcassets in Resources */,
			);
			runOnlyForDeploymentPostprocessing = 0;
		};
		7EF6E43B18D4F39800AF11D4 /* Resources */ = {
			isa = PBXResourcesBuildPhase;
			buildActionMask = 2147483647;
			files = (
				7EF6E44918D4F39800AF11D4 /* InfoPlist.strings in Resources */,
			);
			runOnlyForDeploymentPostprocessing = 0;
		};
/* End PBXResourcesBuildPhase section */

/* Begin PBXSourcesBuildPhase section */
		7EF6E41E18D4F39700AF11D4 /* Sources */ = {
			isa = PBXSourcesBuildPhase;
			buildActionMask = 2147483647;
			files = (
				7EF6E43618D4F39800AF11D4 /* XYZAppDelegate.m in Sources */,
				7EF6E43218D4F39800AF11D4 /* main.m in Sources */,
				7EA7FADD18D68222005FE424 /* XYZToDoListTableViewController.m in Sources */,
				7EA7FAD318D680AE005FE424 /* XYZAddToDoItemViewController.m in Sources */,
			);
			runOnlyForDeploymentPostprocessing = 0;
		};
		7EF6E43918D4F39800AF11D4 /* Sources */ = {
			isa = PBXSourcesBuildPhase;
			buildActionMask = 2147483647;
			files = (
				7EF6E44B18D4F39800AF11D4 /* ToDoListTests.m in Sources */,
			);
			runOnlyForDeploymentPostprocessing = 0;
		};
/* End PBXSourcesBuildPhase section */

/* Begin PBXTargetDependency section */
		7EF6E44318D4F39800AF11D4 /* PBXTargetDependency */ = {
			isa = PBXTargetDependency;
			target = 7EF6E42118D4F39700AF11D4 /* ToDoList */;
			targetProxy = 7EF6E44218D4F39800AF11D4 /* PBXContainerItemProxy */;
		};
/* End PBXTargetDependency section */

/* Begin PBXVariantGroup section */
		7EF6E42E18D4F39800AF11D4 /* InfoPlist.strings */ = {
			isa = PBXVariantGroup;
			children = (
				7EF6E42F18D4F39800AF11D4 /* en */,
			);
			name = InfoPlist.strings;
			sourceTree = "<group>";
		};
		7EF6E44718D4F39800AF11D4 /* InfoPlist.strings */ = {
			isa = PBXVariantGroup;
			children = (
				7EF6E44818D4F39800AF11D4 /* en */,
			);
			name = InfoPlist.strings;
			sourceTree = "<group>";
		};
/* End PBXVariantGroup section */

/* Begin XCBuildConfiguration section */
		7EF6E44C18D4F39900AF11D4 /* Debug */ = {
			isa = XCBuildConfiguration;
			buildSettings = {
				ALWAYS_SEARCH_USER_PATHS = NO;
				CLANG_CXX_LANGUAGE_STANDARD = "gnu++0x";
				CLANG_CXX_LIBRARY = "libc++";
				CLANG_ENABLE_MODULES = YES;
				CLANG_ENABLE_OBJC_ARC = YES;
				CLANG_WARN_BOOL_CONVERSION = YES;
				CLANG_WARN_CONSTANT_CONVERSION = YES;
				CLANG_WARN_DIRECT_OBJC_ISA_USAGE = YES_ERROR;
				CLANG_WARN_EMPTY_BODY = YES;
				CLANG_WARN_ENUM_CONVERSION = YES;
				CLANG_WARN_INT_CONVERSION = YES;
				CLANG_WARN_OBJC_ROOT_CLASS = YES_ERROR;
				CLANG_WARN__DUPLICATE_METHOD_MATCH = YES;
				"CODE_SIGN_IDENTITY[sdk=iphoneos*]" = "iPhone Developer";
				COPY_PHASE_STRIP = NO;
				GCC_C_LANGUAGE_STANDARD = gnu99;
				GCC_DYNAMIC_NO_PIC = NO;
				GCC_OPTIMIZATION_LEVEL = 0;
				GCC_PREPROCESSOR_DEFINITIONS = (
					"DEBUG=1",
					"$(inherited)",
				);
				GCC_SYMBOLS_PRIVATE_EXTERN = NO;
				GCC_WARN_64_TO_32_BIT_CONVERSION = YES;
				GCC_WARN_ABOUT_RETURN_TYPE = YES_ERROR;
				GCC_WARN_UNDECLARED_SELECTOR = YES;
				GCC_WARN_UNINITIALIZED_AUTOS = YES_AGGRESSIVE;
				GCC_WARN_UNUSED_FUNCTION = YES;
				GCC_WARN_UNUSED_VARIABLE = YES;
				IPHONEOS_DEPLOYMENT_TARGET = 7.1;
				ONLY_ACTIVE_ARCH = YES;
				SDKROOT = iphoneos;
			};
			name = Debug;
		};
		7EF6E44D18D4F39900AF11D4 /* Release */ = {
			isa = XCBuildConfiguration;
			buildSettings = {
				ALWAYS_SEARCH_USER_PATHS = NO;
				CLANG_CXX_LANGUAGE_STANDARD = "gnu++0x";
				CLANG_CXX_LIBRARY = "libc++";
				CLANG_ENABLE_MODULES = YES;
				CLANG_ENABLE_OBJC_ARC = YES;
				CLANG_WARN_BOOL_CONVERSION = YES;
				CLANG_WARN_CONSTANT_CONVERSION = YES;
				CLANG_WARN_DIRECT_OBJC_ISA_USAGE = YES_ERROR;
				CLANG_WARN_EMPTY_BODY = YES;
				CLANG_WARN_ENUM_CONVERSION = YES;
				CLANG_WARN_INT_CONVERSION = YES;
				CLANG_WARN_OBJC_ROOT_CLASS = YES_ERROR;
				CLANG_WARN__DUPLICATE_METHOD_MATCH = YES;
				"CODE_SIGN_IDENTITY[sdk=iphoneos*]" = "iPhone Developer";
				COPY_PHASE_STRIP = YES;
				ENABLE_NS_ASSERTIONS = NO;
				GCC_C_LANGUAGE_STANDARD = gnu99;
				GCC_WARN_64_TO_32_BIT_CONVERSION = YES;
				GCC_WARN_ABOUT_RETURN_TYPE = YES_ERROR;
				GCC_WARN_UNDECLARED_SELECTOR = YES;
				GCC_WARN_UNINITIALIZED_AUTOS = YES_AGGRESSIVE;
				GCC_WARN_UNUSED_FUNCTION = YES;
				GCC_WARN_UNUSED_VARIABLE = YES;
				IPHONEOS_DEPLOYMENT_TARGET = 7.1;
				SDKROOT = iphoneos;
				VALIDATE_PRODUCT = YES;
			};
			name = Release;
		};
		7EF6E44F18D4F39900AF11D4 /* Debug */ = {
			isa = XCBuildConfiguration;
			buildSettings = {
				ASSETCATALOG_COMPILER_APPICON_NAME = AppIcon;
				ASSETCATALOG_COMPILER_LAUNCHIMAGE_NAME = LaunchImage;
				GCC_PRECOMPILE_PREFIX_HEADER = YES;
				GCC_PREFIX_HEADER = "ToDoList/ToDoList-Prefix.pch";
				INFOPLIST_FILE = "ToDoList/ToDoList-Info.plist";
				PRODUCT_NAME = "$(TARGET_NAME)";
				WRAPPER_EXTENSION = app;
			};
			name = Debug;
		};
		7EF6E45018D4F39900AF11D4 /* Release */ = {
			isa = XCBuildConfiguration;
			buildSettings = {
				ASSETCATALOG_COMPILER_APPICON_NAME = AppIcon;
				ASSETCATALOG_COMPILER_LAUNCHIMAGE_NAME = LaunchImage;
				GCC_PRECOMPILE_PREFIX_HEADER = YES;
				GCC_PREFIX_HEADER = "ToDoList/ToDoList-Prefix.pch";
				INFOPLIST_FILE = "ToDoList/ToDoList-Info.plist";
				PRODUCT_NAME = "$(TARGET_NAME)";
				WRAPPER_EXTENSION = app;
			};
			name = Release;
		};
		7EF6E45218D4F39900AF11D4 /* Debug */ = {
			isa = XCBuildConfiguration;
			buildSettings = {
				BUNDLE_LOADER = "$(BUILT_PRODUCTS_DIR)/ToDoList.app/ToDoList";
				FRAMEWORK_SEARCH_PATHS = (
					"$(SDKROOT)/Developer/Library/Frameworks",
					"$(inherited)",
					"$(DEVELOPER_FRAMEWORKS_DIR)",
				);
				GCC_PRECOMPILE_PREFIX_HEADER = YES;
				GCC_PREFIX_HEADER = "ToDoList/ToDoList-Prefix.pch";
				GCC_PREPROCESSOR_DEFINITIONS = (
					"DEBUG=1",
					"$(inherited)",
				);
				INFOPLIST_FILE = "ToDoListTests/ToDoListTests-Info.plist";
				PRODUCT_NAME = "$(TARGET_NAME)";
				TEST_HOST = "$(BUNDLE_LOADER)";
				WRAPPER_EXTENSION = xctest;
			};
			name = Debug;
		};
		7EF6E45318D4F39900AF11D4 /* Release */ = {
			isa = XCBuildConfiguration;
			buildSettings = {
				BUNDLE_LOADER = "$(BUILT_PRODUCTS_DIR)/ToDoList.app/ToDoList";
				FRAMEWORK_SEARCH_PATHS = (
					"$(SDKROOT)/Developer/Library/Frameworks",
					"$(inherited)",
					"$(DEVELOPER_FRAMEWORKS_DIR)",
				);
				GCC_PRECOMPILE_PREFIX_HEADER = YES;
				GCC_PREFIX_HEADER = "ToDoList/ToDoList-Prefix.pch";
				INFOPLIST_FILE = "ToDoListTests/ToDoListTests-Info.plist";
				PRODUCT_NAME = "$(TARGET_NAME)";
				TEST_HOST = "$(BUNDLE_LOADER)";
				WRAPPER_EXTENSION = xctest;
			};
			name = Release;
		};
/* End XCBuildConfiguration section */

/* Begin XCConfigurationList section */
		7EF6E41D18D4F39600AF11D4 /* Build configuration list for PBXProject "ToDoList" */ = {
			isa = XCConfigurationList;
			buildConfigurations = (
				7EF6E44C18D4F39900AF11D4 /* Debug */,
				7EF6E44D18D4F39900AF11D4 /* Release */,
			);
			defaultConfigurationIsVisible = 0;
			defaultConfigurationName = Release;
		};
		7EF6E44E18D4F39900AF11D4 /* Build configuration list for PBXNativeTarget "ToDoList" */ = {
			isa = XCConfigurationList;
			buildConfigurations = (
				7EF6E44F18D4F39900AF11D4 /* Debug */,
				7EF6E45018D4F39900AF11D4 /* Release */,
			);
			defaultConfigurationIsVisible = 0;
			defaultConfigurationName = Release;
		};
		7EF6E45118D4F39900AF11D4 /* Build configuration list for PBXNativeTarget "ToDoListTests" */ = {
			isa = XCConfigurationList;
			buildConfigurations = (
				7EF6E45218D4F39900AF11D4 /* Debug */,
				7EF6E45318D4F39900AF11D4 /* Release */,
			);
			defaultConfigurationIsVisible = 0;
			defaultConfigurationName = Release;
		};
/* End XCConfigurationList section */
	};
	rootObject = 7EF6E41A18D4F39600AF11D4 /* Project object */;
}
